
Microsoft Visual Studio Solution File, Format Version 12.00
# Visual Studio Version 16
VisualStudioVersion = 16.0.31205.134
MinimumVisualStudioVersion = 10.0.40219.1
Project("{2150E333-8FDC-42A3-9474-1A3956D46DE8}") = "Libraries", "Libraries", "{ACEA2704-103A-41DB-B2C7-151556B9844A}"
	ProjectSection(SolutionItems) = preProject
		README.md = README.md
	EndProjectSection
EndProject
Project("{FAE04EC0-301F-11D3-BF4B-00C04F79EFBC}") = "LF.WPFStyle", "Libraries\LF.WPFStyle\LF.WPFStyle.csproj", "{423E5044-D286-4A72-9B66-AAD972385638}"
EndProject
Project("{FAE04EC0-301F-11D3-BF4B-00C04F79EFBC}") = "LF.Mathematics", "Libraries\LF.Mathematics\LF.Mathematics.csproj", "{CCC23ED3-BF2A-4D13-B82C-503D704C9EB6}"
EndProject
Project("{FAE04EC0-301F-11D3-BF4B-00C04F79EFBC}") = "LF.Swarm", "Libraries\LF.Swarm\LF.Swarm.csproj", "{2AE79CAA-1E35-48B2-A884-196055377C52}"
EndProject
Project("{FAE04EC0-301F-11D3-BF4B-00C04F79EFBC}") = "LF.UnmannedAerialVehicle", "Libraries\LF.UnmannedAerialVehicle\LF.UnmannedAerialVehicle.csproj", "{AE7E2819-30B0-49DB-9C9E-A2122DB2672B}"
EndProject
Project("{FAE04EC0-301F-11D3-BF4B-00C04F79EFBC}") = "LF.Mechanics", "Libraries\LF.Mechanics\LF.Mechanics.csproj", "{FA78945F-11B0-4826-BD04-8F36A429163D}"
EndProject
Project("{FAE04EC0-301F-11D3-BF4B-00C04F79EFBC}") = "LF.Algorithm", "Libraries\LF.Algorithm\LF.Algorithm.csproj", "{D707FC05-8E91-4A55-AE2B-9B71BFEF88D6}"
EndProject
Project("{FAE04EC0-301F-11D3-BF4B-00C04F79EFBC}") = "LF.SerialCommunication.Project", "LF.SerialCommunication.Project\LF.SerialCommunication.Project.csproj", "{E4604DFE-0613-49B5-A06D-E4EDC44148BF}"
EndProject
Project("{FAE04EC0-301F-11D3-BF4B-00C04F79EFBC}") = "LF.Ceremony.Project", "LF.Ceremony.Project\LF.Ceremony.Project.csproj", "{0F4BDF15-03FB-4A96-8947-91B99CCC943B}"
EndProject
Project("{FAE04EC0-301F-11D3-BF4B-00C04F79EFBC}") = "LF.Figure", "Ext\LF.Figure\LF.Figure.csproj", "{80FE5EC8-D433-45B6-91B6-E0B5A3BDCB31}"
EndProject
Project("{FAE04EC0-301F-11D3-BF4B-00C04F79EFBC}") = "LF.Figure", "Libraries\LF.Figure\LF.Figure.csproj", "{AF8CB401-68F7-44F8-A64A-BDEEA96CDBAD}"
EndProject
Global
	GlobalSection(SolutionConfigurationPlatforms) = preSolution
		Debug|Any CPU = Debug|Any CPU
		Release|Any CPU = Release|Any CPU
	EndGlobalSection
	GlobalSection(ProjectConfigurationPlatforms) = postSolution
		{423E5044-D286-4A72-9B66-AAD972385638}.Debug|Any CPU.ActiveCfg = Debug|Any CPU
		{423E5044-D286-4A72-9B66-AAD972385638}.Debug|Any CPU.Build.0 = Debug|Any CPU
		{423E5044-D286-4A72-9B66-AAD972385638}.Release|Any CPU.ActiveCfg = Release|Any CPU
		{423E5044-D286-4A72-9B66-AAD972385638}.Release|Any CPU.Build.0 = Release|Any CPU
		{CCC23ED3-BF2A-4D13-B82C-503D704C9EB6}.Debug|Any CPU.ActiveCfg = Debug|Any CPU
		{CCC23ED3-BF2A-4D13-B82C-503D704C9EB6}.Debug|Any CPU.Build.0 = Debug|Any CPU
		{CCC23ED3-BF2A-4D13-B82C-503D704C9EB6}.Release|Any CPU.ActiveCfg = Release|Any CPU
		{CCC23ED3-BF2A-4D13-B82C-503D704C9EB6}.Release|Any CPU.Build.0 = Release|Any CPU
		{2AE79CAA-1E35-48B2-A884-196055377C52}.Debug|Any CPU.ActiveCfg = Debug|Any CPU
		{2AE79CAA-1E35-48B2-A884-196055377C52}.Debug|Any CPU.Build.0 = Debug|Any CPU
		{2AE79CAA-1E35-48B2-A884-196055377C52}.Release|Any CPU.ActiveCfg = Release|Any CPU
		{2AE79CAA-1E35-48B2-A884-196055377C52}.Release|Any CPU.Build.0 = Release|Any CPU
		{AE7E2819-30B0-49DB-9C9E-A2122DB2672B}.Debug|Any CPU.ActiveCfg = Debug|Any CPU
		{AE7E2819-30B0-49DB-9C9E-A2122DB2672B}.Debug|Any CPU.Build.0 = Debug|Any CPU
		{AE7E2819-30B0-49DB-9C9E-A2122DB2672B}.Release|Any CPU.ActiveCfg = Release|Any CPU
		{AE7E2819-30B0-49DB-9C9E-A2122DB2672B}.Release|Any CPU.Build.0 = Release|Any CPU
		{FA78945F-11B0-4826-BD04-8F36A429163D}.Debug|Any CPU.ActiveCfg = Debug|Any CPU
		{FA78945F-11B0-4826-BD04-8F36A429163D}.Debug|Any CPU.Build.0 = Debug|Any CPU
		{FA78945F-11B0-4826-BD04-8F36A429163D}.Release|Any CPU.ActiveCfg = Release|Any CPU
		{FA78945F-11B0-4826-BD04-8F36A429163D}.Release|Any CPU.Build.0 = Release|Any CPU
		{D707FC05-8E91-4A55-AE2B-9B71BFEF88D6}.Debug|Any CPU.ActiveCfg = Debug|Any CPU
		{D707FC05-8E91-4A55-AE2B-9B71BFEF88D6}.Debug|Any CPU.Build.0 = Debug|Any CPU
		{D707FC05-8E91-4A55-AE2B-9B71BFEF88D6}.Release|Any CPU.ActiveCfg = Release|Any CPU
		{D707FC05-8E91-4A55-AE2B-9B71BFEF88D6}.Release|Any CPU.Build.0 = Release|Any CPU
		{E4604DFE-0613-49B5-A06D-E4EDC44148BF}.Debug|Any CPU.ActiveCfg = Debug|Any CPU
		{E4604DFE-0613-49B5-A06D-E4EDC44148BF}.Debug|Any CPU.Build.0 = Debug|Any CPU
		{E4604DFE-0613-49B5-A06D-E4EDC44148BF}.Release|Any CPU.ActiveCfg = Release|Any CPU
		{E4604DFE-0613-49B5-A06D-E4EDC44148BF}.Release|Any CPU.Build.0 = Release|Any CPU
		{0F4BDF15-03FB-4A96-8947-91B99CCC943B}.Debug|Any CPU.ActiveCfg = Debug|Any CPU
		{0F4BDF15-03FB-4A96-8947-91B99CCC943B}.Debug|Any CPU.Build.0 = Debug|Any CPU
		{0F4BDF15-03FB-4A96-8947-91B99CCC943B}.Release|Any CPU.ActiveCfg = Release|Any CPU
		{0F4BDF15-03FB-4A96-8947-91B99CCC943B}.Release|Any CPU.Build.0 = Release|Any CPU
		{80FE5EC8-D433-45B6-91B6-E0B5A3BDCB31}.Debug|Any CPU.ActiveCfg = Debug|Any CPU
		{80FE5EC8-D433-45B6-91B6-E0B5A3BDCB31}.Debug|Any CPU.Build.0 = Debug|Any CPU
		{80FE5EC8-D433-45B6-91B6-E0B5A3BDCB31}.Release|Any CPU.ActiveCfg = Release|Any CPU
		{80FE5EC8-D433-45B6-91B6-E0B5A3BDCB31}.Release|Any CPU.Build.0 = Release|Any CPU
		{AF8CB401-68F7-44F8-A64A-BDEEA96CDBAD}.Debug|Any CPU.ActiveCfg = Debug|Any CPU
		{AF8CB401-68F7-44F8-A64A-BDEEA96CDBAD}.Debug|Any CPU.Build.0 = Debug|Any CPU
		{AF8CB401-68F7-44F8-A64A-BDEEA96CDBAD}.Release|Any CPU.ActiveCfg = Release|Any CPU
		{AF8CB401-68F7-44F8-A64A-BDEEA96CDBAD}.Release|Any CPU.Build.0 = Release|Any CPU
	EndGlobalSection
	GlobalSection(SolutionProperties) = preSolution
		HideSolutionNode = FALSE
	EndGlobalSection
	GlobalSection(NestedProjects) = preSolution
		{423E5044-D286-4A72-9B66-AAD972385638} = {ACEA2704-103A-41DB-B2C7-151556B9844A}
		{CCC23ED3-BF2A-4D13-B82C-503D704C9EB6} = {ACEA2704-103A-41DB-B2C7-151556B9844A}
		{2AE79CAA-1E35-48B2-A884-196055377C52} = {ACEA2704-103A-41DB-B2C7-151556B9844A}
		{AE7E2819-30B0-49DB-9C9E-A2122DB2672B} = {ACEA2704-103A-41DB-B2C7-151556B9844A}
		{FA78945F-11B0-4826-BD04-8F36A429163D} = {ACEA2704-103A-41DB-B2C7-151556B9844A}
		{D707FC05-8E91-4A55-AE2B-9B71BFEF88D6} = {ACEA2704-103A-41DB-B2C7-151556B9844A}
		{80FE5EC8-D433-45B6-91B6-E0B5A3BDCB31} = {ACEA2704-103A-41DB-B2C7-151556B9844A}
	EndGlobalSection
	GlobalSection(ExtensibilityGlobals) = postSolution
		SolutionGuid = {437BC28E-4554-48FA-A576-100C84ADDE31}
	EndGlobalSection
EndGlobal
