
Microsoft Visual Studio Solution File, Format Version 12.00
# Visual Studio Version 16
VisualStudioVersion = 16.0.31205.134
MinimumVisualStudioVersion = 10.0.40219.1
Project("{2150E333-8FDC-42A3-9474-1A3956D46DE8}") = "Libs", "Libs", "{DA53BE40-D6C5-45F1-972B-EC6686B782EE}"
EndProject
Project("{2150E333-8FDC-42A3-9474-1A3956D46DE8}") = "Projects", "Projects", "{5B9EC095-1E13-4D7C-B943-EC6FA4932DBD}"
EndProject
Project("{FAE04EC0-301F-11D3-BF4B-00C04F79EFBC}") = "LF.Controls.Project", "Projects\LF.Controls.Project\LF.Controls.Project.csproj", "{B9C47345-3F72-4BC7-84D5-3672C7BF505E}"
EndProject
Project("{2150E333-8FDC-42A3-9474-1A3956D46DE8}") = "Lib.UI", "Lib.UI", "{4E5D47C9-D55B-4E0E-9E2E-97F101DEE104}"
EndProject
Project("{FAE04EC0-301F-11D3-BF4B-00C04F79EFBC}") = "LF.Controls", "Lib.UI\LF.Controls\LF.Controls.csproj", "{A022738D-E19C-4D6F-8B55-2323985091A2}"
EndProject
Project("{2150E333-8FDC-42A3-9474-1A3956D46DE8}") = "Lib.Common", "Lib.Common", "{8ADC0675-5B30-4C54-AD3A-9B2129C45D32}"
EndProject
Project("{FAE04EC0-301F-11D3-BF4B-00C04F79EFBC}") = "LF", "Lib.Common\LF\LF.csproj", "{5C8E30F4-DB5E-44D9-ABDB-B368191FB77C}"
EndProject
Project("{2150E333-8FDC-42A3-9474-1A3956D46DE8}") = "Lib.Application", "Lib.Application", "{C6A27DF1-A346-4CEC-9B1D-B3ACC9669163}"
	ProjectSection(SolutionItems) = preProject
		README.md = README.md
	EndProjectSection
EndProject
Project("{FAE04EC0-301F-11D3-BF4B-00C04F79EFBC}") = "LF.Simulation", "Lib.Application\LF.Simulation\LF.Simulation.csproj", "{D9DE757B-946A-4FC2-9FC7-B148291789D8}"
EndProject
Project("{FAE04EC0-301F-11D3-BF4B-00C04F79EFBC}") = "LF.Mathematics", "Lib.Common\LF.Mathematics\LF.Mathematics.csproj", "{2DF3C45D-CC54-433B-BFD3-869D62FAF279}"
EndProject
Project("{FAE04EC0-301F-11D3-BF4B-00C04F79EFBC}") = "LF.Algorithm", "Lib.Common\LF.Algorithm\LF.Algorithm.csproj", "{3147E28E-167C-45B0-8780-2BDD7AB2368B}"
EndProject
Project("{2150E333-8FDC-42A3-9474-1A3956D46DE8}") = "Lib.Others", "Lib.Others", "{130FE7A4-1F92-405D-B389-A11A3833DB54}"
EndProject
Project("{FAE04EC0-301F-11D3-BF4B-00C04F79EFBC}") = "LF.Figure", "Lib.UI\LF.Figure\LF.Figure.csproj", "{75BD395B-1FF1-4C47-9741-74E6E9F30EFC}"
EndProject
Project("{FAE04EC0-301F-11D3-BF4B-00C04F79EFBC}") = "LF.FictionWorld.Project", "Projects\LF.FictionWorld.Project\LF.FictionWorld.Project.csproj", "{C64B1846-15EB-4B0E-8A46-943E585BFF56}"
EndProject
Project("{FAE04EC0-301F-11D3-BF4B-00C04F79EFBC}") = "LF.Swarm.Project", "Projects\LF.Swarm.Project\LF.Swarm.Project.csproj", "{CEAE966F-C6CB-4963-8ACB-1E68711282ED}"
EndProject
Project("{FAE04EC0-301F-11D3-BF4B-00C04F79EFBC}") = "LF.FictionWorld", "Lib.Others\LF.FictionWorld\LF.FictionWorld.csproj", "{87EFA969-2FC3-45FB-B7CF-290AD8B56A5D}"
EndProject
Project("{FAE04EC0-301F-11D3-BF4B-00C04F79EFBC}") = "LF.Novel.Project", "Projects\LF.Novel.Project\LF.Novel.Project.csproj", "{AF87A0AD-9BEA-4C14-AC08-751DC6BB26A8}"
EndProject
Project("{FAE04EC0-301F-11D3-BF4B-00C04F79EFBC}") = "LF.Mechanics", "Lib.Common\LF.Mechanics\LF.Mechanics.csproj", "{3B0DA317-C057-4652-A0E7-CFA08D560494}"
EndProject
Project("{FAE04EC0-301F-11D3-BF4B-00C04F79EFBC}") = "LF.ImageProcessing", "Lib.Application\LF.ImageProcessing\LF.ImageProcessing.csproj", "{BEB963B5-86CD-4981-A642-9BAB56949FBE}"
EndProject
Project("{FAE04EC0-301F-11D3-BF4B-00C04F79EFBC}") = "LF.AircraftDesign", "Lib.Application\LF.AircraftDesign\LF.AircraftDesign.csproj", "{76D481CF-D7E7-4FBC-A805-DAEE22A8D045}"
EndProject
Project("{FAE04EC0-301F-11D3-BF4B-00C04F79EFBC}") = "LF.SignalProcessing", "Lib.Application\LF.SignalProcessing\LF.SignalProcessing.csproj", "{EE589746-D820-4D78-A4A2-B21CB5230089}"
EndProject
Global
	GlobalSection(SolutionConfigurationPlatforms) = preSolution
		Debug|Any CPU = Debug|Any CPU
		Release|Any CPU = Release|Any CPU
	EndGlobalSection
	GlobalSection(ProjectConfigurationPlatforms) = postSolution
		{B9C47345-3F72-4BC7-84D5-3672C7BF505E}.Debug|Any CPU.ActiveCfg = Debug|Any CPU
		{B9C47345-3F72-4BC7-84D5-3672C7BF505E}.Debug|Any CPU.Build.0 = Debug|Any CPU
		{B9C47345-3F72-4BC7-84D5-3672C7BF505E}.Release|Any CPU.ActiveCfg = Release|Any CPU
		{B9C47345-3F72-4BC7-84D5-3672C7BF505E}.Release|Any CPU.Build.0 = Release|Any CPU
		{A022738D-E19C-4D6F-8B55-2323985091A2}.Debug|Any CPU.ActiveCfg = Debug|Any CPU
		{A022738D-E19C-4D6F-8B55-2323985091A2}.Debug|Any CPU.Build.0 = Debug|Any CPU
		{A022738D-E19C-4D6F-8B55-2323985091A2}.Release|Any CPU.ActiveCfg = Release|Any CPU
		{A022738D-E19C-4D6F-8B55-2323985091A2}.Release|Any CPU.Build.0 = Release|Any CPU
		{5C8E30F4-DB5E-44D9-ABDB-B368191FB77C}.Debug|Any CPU.ActiveCfg = Debug|Any CPU
		{5C8E30F4-DB5E-44D9-ABDB-B368191FB77C}.Debug|Any CPU.Build.0 = Debug|Any CPU
		{5C8E30F4-DB5E-44D9-ABDB-B368191FB77C}.Release|Any CPU.ActiveCfg = Release|Any CPU
		{5C8E30F4-DB5E-44D9-ABDB-B368191FB77C}.Release|Any CPU.Build.0 = Release|Any CPU
		{D9DE757B-946A-4FC2-9FC7-B148291789D8}.Debug|Any CPU.ActiveCfg = Debug|Any CPU
		{D9DE757B-946A-4FC2-9FC7-B148291789D8}.Debug|Any CPU.Build.0 = Debug|Any CPU
		{D9DE757B-946A-4FC2-9FC7-B148291789D8}.Release|Any CPU.ActiveCfg = Release|Any CPU
		{D9DE757B-946A-4FC2-9FC7-B148291789D8}.Release|Any CPU.Build.0 = Release|Any CPU
		{2DF3C45D-CC54-433B-BFD3-869D62FAF279}.Debug|Any CPU.ActiveCfg = Debug|Any CPU
		{2DF3C45D-CC54-433B-BFD3-869D62FAF279}.Debug|Any CPU.Build.0 = Debug|Any CPU
		{2DF3C45D-CC54-433B-BFD3-869D62FAF279}.Release|Any CPU.ActiveCfg = Release|Any CPU
		{2DF3C45D-CC54-433B-BFD3-869D62FAF279}.Release|Any CPU.Build.0 = Release|Any CPU
		{3147E28E-167C-45B0-8780-2BDD7AB2368B}.Debug|Any CPU.ActiveCfg = Debug|Any CPU
		{3147E28E-167C-45B0-8780-2BDD7AB2368B}.Debug|Any CPU.Build.0 = Debug|Any CPU
		{3147E28E-167C-45B0-8780-2BDD7AB2368B}.Release|Any CPU.ActiveCfg = Release|Any CPU
		{3147E28E-167C-45B0-8780-2BDD7AB2368B}.Release|Any CPU.Build.0 = Release|Any CPU
		{75BD395B-1FF1-4C47-9741-74E6E9F30EFC}.Debug|Any CPU.ActiveCfg = Debug|Any CPU
		{75BD395B-1FF1-4C47-9741-74E6E9F30EFC}.Debug|Any CPU.Build.0 = Debug|Any CPU
		{75BD395B-1FF1-4C47-9741-74E6E9F30EFC}.Release|Any CPU.ActiveCfg = Release|Any CPU
		{75BD395B-1FF1-4C47-9741-74E6E9F30EFC}.Release|Any CPU.Build.0 = Release|Any CPU
		{C64B1846-15EB-4B0E-8A46-943E585BFF56}.Debug|Any CPU.ActiveCfg = Debug|Any CPU
		{C64B1846-15EB-4B0E-8A46-943E585BFF56}.Debug|Any CPU.Build.0 = Debug|Any CPU
		{C64B1846-15EB-4B0E-8A46-943E585BFF56}.Release|Any CPU.ActiveCfg = Release|Any CPU
		{C64B1846-15EB-4B0E-8A46-943E585BFF56}.Release|Any CPU.Build.0 = Release|Any CPU
		{CEAE966F-C6CB-4963-8ACB-1E68711282ED}.Debug|Any CPU.ActiveCfg = Debug|Any CPU
		{CEAE966F-C6CB-4963-8ACB-1E68711282ED}.Debug|Any CPU.Build.0 = Debug|Any CPU
		{CEAE966F-C6CB-4963-8ACB-1E68711282ED}.Release|Any CPU.ActiveCfg = Release|Any CPU
		{CEAE966F-C6CB-4963-8ACB-1E68711282ED}.Release|Any CPU.Build.0 = Release|Any CPU
		{87EFA969-2FC3-45FB-B7CF-290AD8B56A5D}.Debug|Any CPU.ActiveCfg = Debug|Any CPU
		{87EFA969-2FC3-45FB-B7CF-290AD8B56A5D}.Debug|Any CPU.Build.0 = Debug|Any CPU
		{87EFA969-2FC3-45FB-B7CF-290AD8B56A5D}.Release|Any CPU.ActiveCfg = Release|Any CPU
		{87EFA969-2FC3-45FB-B7CF-290AD8B56A5D}.Release|Any CPU.Build.0 = Release|Any CPU
		{AF87A0AD-9BEA-4C14-AC08-751DC6BB26A8}.Debug|Any CPU.ActiveCfg = Debug|Any CPU
		{AF87A0AD-9BEA-4C14-AC08-751DC6BB26A8}.Debug|Any CPU.Build.0 = Debug|Any CPU
		{AF87A0AD-9BEA-4C14-AC08-751DC6BB26A8}.Release|Any CPU.ActiveCfg = Release|Any CPU
		{AF87A0AD-9BEA-4C14-AC08-751DC6BB26A8}.Release|Any CPU.Build.0 = Release|Any CPU
		{3B0DA317-C057-4652-A0E7-CFA08D560494}.Debug|Any CPU.ActiveCfg = Debug|Any CPU
		{3B0DA317-C057-4652-A0E7-CFA08D560494}.Debug|Any CPU.Build.0 = Debug|Any CPU
		{3B0DA317-C057-4652-A0E7-CFA08D560494}.Release|Any CPU.ActiveCfg = Release|Any CPU
		{3B0DA317-C057-4652-A0E7-CFA08D560494}.Release|Any CPU.Build.0 = Release|Any CPU
		{BEB963B5-86CD-4981-A642-9BAB56949FBE}.Debug|Any CPU.ActiveCfg = Debug|Any CPU
		{BEB963B5-86CD-4981-A642-9BAB56949FBE}.Debug|Any CPU.Build.0 = Debug|Any CPU
		{BEB963B5-86CD-4981-A642-9BAB56949FBE}.Release|Any CPU.ActiveCfg = Release|Any CPU
		{BEB963B5-86CD-4981-A642-9BAB56949FBE}.Release|Any CPU.Build.0 = Release|Any CPU
		{76D481CF-D7E7-4FBC-A805-DAEE22A8D045}.Debug|Any CPU.ActiveCfg = Debug|Any CPU
		{76D481CF-D7E7-4FBC-A805-DAEE22A8D045}.Debug|Any CPU.Build.0 = Debug|Any CPU
		{76D481CF-D7E7-4FBC-A805-DAEE22A8D045}.Release|Any CPU.ActiveCfg = Release|Any CPU
		{76D481CF-D7E7-4FBC-A805-DAEE22A8D045}.Release|Any CPU.Build.0 = Release|Any CPU
		{EE589746-D820-4D78-A4A2-B21CB5230089}.Debug|Any CPU.ActiveCfg = Debug|Any CPU
		{EE589746-D820-4D78-A4A2-B21CB5230089}.Debug|Any CPU.Build.0 = Debug|Any CPU
		{EE589746-D820-4D78-A4A2-B21CB5230089}.Release|Any CPU.ActiveCfg = Release|Any CPU
		{EE589746-D820-4D78-A4A2-B21CB5230089}.Release|Any CPU.Build.0 = Release|Any CPU
	EndGlobalSection
	GlobalSection(SolutionProperties) = preSolution
		HideSolutionNode = FALSE
	EndGlobalSection
	GlobalSection(NestedProjects) = preSolution
		{B9C47345-3F72-4BC7-84D5-3672C7BF505E} = {5B9EC095-1E13-4D7C-B943-EC6FA4932DBD}
		{4E5D47C9-D55B-4E0E-9E2E-97F101DEE104} = {DA53BE40-D6C5-45F1-972B-EC6686B782EE}
		{A022738D-E19C-4D6F-8B55-2323985091A2} = {4E5D47C9-D55B-4E0E-9E2E-97F101DEE104}
		{8ADC0675-5B30-4C54-AD3A-9B2129C45D32} = {DA53BE40-D6C5-45F1-972B-EC6686B782EE}
		{5C8E30F4-DB5E-44D9-ABDB-B368191FB77C} = {8ADC0675-5B30-4C54-AD3A-9B2129C45D32}
		{C6A27DF1-A346-4CEC-9B1D-B3ACC9669163} = {DA53BE40-D6C5-45F1-972B-EC6686B782EE}
		{D9DE757B-946A-4FC2-9FC7-B148291789D8} = {C6A27DF1-A346-4CEC-9B1D-B3ACC9669163}
		{2DF3C45D-CC54-433B-BFD3-869D62FAF279} = {8ADC0675-5B30-4C54-AD3A-9B2129C45D32}
		{3147E28E-167C-45B0-8780-2BDD7AB2368B} = {8ADC0675-5B30-4C54-AD3A-9B2129C45D32}
		{130FE7A4-1F92-405D-B389-A11A3833DB54} = {DA53BE40-D6C5-45F1-972B-EC6686B782EE}
		{75BD395B-1FF1-4C47-9741-74E6E9F30EFC} = {4E5D47C9-D55B-4E0E-9E2E-97F101DEE104}
		{C64B1846-15EB-4B0E-8A46-943E585BFF56} = {5B9EC095-1E13-4D7C-B943-EC6FA4932DBD}
		{CEAE966F-C6CB-4963-8ACB-1E68711282ED} = {5B9EC095-1E13-4D7C-B943-EC6FA4932DBD}
		{87EFA969-2FC3-45FB-B7CF-290AD8B56A5D} = {130FE7A4-1F92-405D-B389-A11A3833DB54}
		{AF87A0AD-9BEA-4C14-AC08-751DC6BB26A8} = {5B9EC095-1E13-4D7C-B943-EC6FA4932DBD}
		{3B0DA317-C057-4652-A0E7-CFA08D560494} = {8ADC0675-5B30-4C54-AD3A-9B2129C45D32}
		{BEB963B5-86CD-4981-A642-9BAB56949FBE} = {C6A27DF1-A346-4CEC-9B1D-B3ACC9669163}
		{76D481CF-D7E7-4FBC-A805-DAEE22A8D045} = {C6A27DF1-A346-4CEC-9B1D-B3ACC9669163}
		{EE589746-D820-4D78-A4A2-B21CB5230089} = {C6A27DF1-A346-4CEC-9B1D-B3ACC9669163}
	EndGlobalSection
	GlobalSection(ExtensibilityGlobals) = postSolution
		SolutionGuid = {2519E166-2025-496E-9E85-B884918C219A}
	EndGlobalSection
EndGlobal
